
Microsoft Visual Studio Solution File, Format Version 12.00
# Visual Studio Version 17
VisualStudioVersion = 17.5.33516.290
MinimumVisualStudioVersion = 10.0.40219.1
Project("{9A19103F-16F7-4668-BE54-9A1E7A4F7556}") = "TogglTrackCloneApi", "TogglTrackCloneApi\TogglTrackCloneApi.csproj", "{B34EC393-7193-46AB-A6CE-B5F1D5EC31F8}"
EndProject
Project("{E53339B2-1760-4266-BCC7-CA923CBCF16C}") = "docker-compose", "docker-compose.dcproj", "{EABCC055-CC19-4225-92C4-541C27B26E2E}"
EndProject
Project("{2150E333-8FDC-42A3-9474-1A3956D46DE8}") = "Solution Items", "Solution Items", "{AA23EB9A-87E7-43B0-BFA4-0A2B189F95A2}"
	ProjectSection(SolutionItems) = preProject
		Dockerfile = Dockerfile
	EndProjectSection
EndProject
Global
	GlobalSection(SolutionConfigurationPlatforms) = preSolution
		Debug|Any CPU = Debug|Any CPU
		Release|Any CPU = Release|Any CPU
	EndGlobalSection
	GlobalSection(ProjectConfigurationPlatforms) = postSolution
		{B34EC393-7193-46AB-A6CE-B5F1D5EC31F8}.Debug|Any CPU.ActiveCfg = Debug|Any CPU
		{B34EC393-7193-46AB-A6CE-B5F1D5EC31F8}.Debug|Any CPU.Build.0 = Debug|Any CPU
		{B34EC393-7193-46AB-A6CE-B5F1D5EC31F8}.Release|Any CPU.ActiveCfg = Release|Any CPU
		{B34EC393-7193-46AB-A6CE-B5F1D5EC31F8}.Release|Any CPU.Build.0 = Release|Any CPU
		{EABCC055-CC19-4225-92C4-541C27B26E2E}.Debug|Any CPU.ActiveCfg = Debug|Any CPU
		{EABCC055-CC19-4225-92C4-541C27B26E2E}.Debug|Any CPU.Build.0 = Debug|Any CPU
		{EABCC055-CC19-4225-92C4-541C27B26E2E}.Release|Any CPU.ActiveCfg = Release|Any CPU
		{EABCC055-CC19-4225-92C4-541C27B26E2E}.Release|Any CPU.Build.0 = Release|Any CPU
	EndGlobalSection
	GlobalSection(SolutionProperties) = preSolution
		HideSolutionNode = FALSE
	EndGlobalSection
	GlobalSection(ExtensibilityGlobals) = postSolution
		SolutionGuid = {5C78249E-37AF-4EDF-91E4-7067C798DF90}
	EndGlobalSection
EndGlobal
